// !$*UTF8*$!
{
	archiveVersion = 1;
	classes = {
	};
	objectVersion = 56;
	objects = {

/* Begin PBXBuildFile section */
		A24E9CCD2B4AA6DC007EC542 /* AppDelegate.swift in Sources */ = {isa = PBXBuildFile; fileRef = A24E9CCC2B4AA6DC007EC542 /* AppDelegate.swift */; };
		A24E9CCF2B4AA6DC007EC542 /* SceneDelegate.swift in Sources */ = {isa = PBXBuildFile; fileRef = A24E9CCE2B4AA6DC007EC542 /* SceneDelegate.swift */; };
		A24E9CD12B4AA6DC007EC542 /* ViewController.swift in Sources */ = {isa = PBXBuildFile; fileRef = A24E9CD02B4AA6DC007EC542 /* ViewController.swift */; };
		A24E9CD62B4AA6DD007EC542 /* Assets.xcassets in Resources */ = {isa = PBXBuildFile; fileRef = A24E9CD52B4AA6DD007EC542 /* Assets.xcassets */; };
		A24E9CD92B4AA6DD007EC542 /* LaunchScreen.storyboard in Resources */ = {isa = PBXBuildFile; fileRef = A24E9CD72B4AA6DD007EC542 /* LaunchScreen.storyboard */; };
		A24E9CE12B4B20EC007EC542 /* FeedViewController.swift in Sources */ = {isa = PBXBuildFile; fileRef = A24E9CE02B4B20EC007EC542 /* FeedViewController.swift */; };
		A24E9CE32B4B2101007EC542 /* ProfileViewController.swift in Sources */ = {isa = PBXBuildFile; fileRef = A24E9CE22B4B2101007EC542 /* ProfileViewController.swift */; };
		A24E9CE52B4E0750007EC542 /* PostViewController.swift in Sources */ = {isa = PBXBuildFile; fileRef = A24E9CE42B4E0750007EC542 /* PostViewController.swift */; };
		A24E9CE92B548851007EC542 /* InfoViewController.swift in Sources */ = {isa = PBXBuildFile; fileRef = A24E9CE82B548851007EC542 /* InfoViewController.swift */; };
		A263DA6D2B67E88C00345065 /* ProfileHeaderView.swift in Sources */ = {isa = PBXBuildFile; fileRef = A263DA6C2B67E88C00345065 /* ProfileHeaderView.swift */; };
		A263DA732B67E9CE00345065 /* ProfileeViewController.swift in Sources */ = {isa = PBXBuildFile; fileRef = A263DA722B67E9CE00345065 /* ProfileeViewController.swift */; };
		A296F77C2BA7105600E3808C /* LogInViewController.swift in Sources */ = {isa = PBXBuildFile; fileRef = A296F77B2BA7105600E3808C /* LogInViewController.swift */; };
		A296F7802BB4D8EB00E3808C /* PostTableViewCell.swift in Sources */ = {isa = PBXBuildFile; fileRef = A296F77F2BB4D8EB00E3808C /* PostTableViewCell.swift */; };
		A296F78A2BC6997900E3808C /* StorageService.docc in Sources */ = {isa = PBXBuildFile; fileRef = A296F7892BC6997900E3808C /* StorageService.docc */; };
		A296F7972BC6997900E3808C /* StorageServiceTests.swift in Sources */ = {isa = PBXBuildFile; fileRef = A296F7962BC6997900E3808C /* StorageServiceTests.swift */; };
		A296F7982BC6997900E3808C /* StorageService.h in Headers */ = {isa = PBXBuildFile; fileRef = A296F7882BC6997900E3808C /* StorageService.h */; settings = {ATTRIBUTES = (Public, ); }; };
		A2C31A582BE4082D00B946C2 /* StorageService.framework in Frameworks */ = {isa = PBXBuildFile; fileRef = A2C31A532BDEEACF00B946C2 /* StorageService.framework */; };
		A2C31A592BE4082D00B946C2 /* StorageService.framework in Embed Frameworks */ = {isa = PBXBuildFile; fileRef = A2C31A532BDEEACF00B946C2 /* StorageService.framework */; settings = {ATTRIBUTES = (CodeSignOnCopy, RemoveHeadersOnCopy, ); }; };
		A2C31A612BEEB15400B946C2 /* PhotosTableViewCell.swift in Sources */ = {isa = PBXBuildFile; fileRef = A2C31A602BEEB15400B946C2 /* PhotosTableViewCell.swift */; };
		A2C31A632BF370B300B946C2 /* Post.swift in Sources */ = {isa = PBXBuildFile; fileRef = A2C31A622BF370B300B946C2 /* Post.swift */; };
		A2C31A682BF3769B00B946C2 /* StorageService.framework in Frameworks */ = {isa = PBXBuildFile; fileRef = A2C31A532BDEEACF00B946C2 /* StorageService.framework */; };
/* End PBXBuildFile section */

/* Begin PBXContainerItemProxy section */
		A296F7912BC6997900E3808C /* PBXContainerItemProxy */ = {
			isa = PBXContainerItemProxy;
			containerPortal = A24E9CC12B4AA6DC007EC542 /* Project object */;
			proxyType = 1;
			remoteGlobalIDString = A296F7852BC6997900E3808C;
			remoteInfo = StorageService;
		};
		A296F7932BC6997900E3808C /* PBXContainerItemProxy */ = {
			isa = PBXContainerItemProxy;
			containerPortal = A24E9CC12B4AA6DC007EC542 /* Project object */;
			proxyType = 1;
			remoteGlobalIDString = A24E9CC82B4AA6DC007EC542;
			remoteInfo = Navigation;
		};
		A296F7992BC6997A00E3808C /* PBXContainerItemProxy */ = {
			isa = PBXContainerItemProxy;
			containerPortal = A24E9CC12B4AA6DC007EC542 /* Project object */;
			proxyType = 1;
			remoteGlobalIDString = A296F7852BC6997900E3808C;
			remoteInfo = StorageService;
		};
		A2C31A5B2BE4082D00B946C2 /* PBXContainerItemProxy */ = {
			isa = PBXContainerItemProxy;
			containerPortal = A24E9CC12B4AA6DC007EC542 /* Project object */;
			proxyType = 1;
			remoteGlobalIDString = A296F7852BC6997900E3808C;
			remoteInfo = StorageService;
		};
/* End PBXContainerItemProxy section */

/* Begin PBXCopyFilesBuildPhase section */
		A296F7A02BC6997A00E3808C /* Embed Frameworks */ = {
			isa = PBXCopyFilesBuildPhase;
			buildActionMask = 2147483647;
			dstPath = "";
			dstSubfolderSpec = 10;
			files = (
				A2C31A592BE4082D00B946C2 /* StorageService.framework in Embed Frameworks */,
			);
			name = "Embed Frameworks";
			runOnlyForDeploymentPostprocessing = 0;
		};
/* End PBXCopyFilesBuildPhase section */

/* Begin PBXFileReference section */
		A24E9CCC2B4AA6DC007EC542 /* AppDelegate.swift */ = {isa = PBXFileReference; lastKnownFileType = sourcecode.swift; path = AppDelegate.swift; sourceTree = "<group>"; };
		A24E9CCE2B4AA6DC007EC542 /* SceneDelegate.swift */ = {isa = PBXFileReference; lastKnownFileType = sourcecode.swift; path = SceneDelegate.swift; sourceTree = "<group>"; };
		A24E9CD02B4AA6DC007EC542 /* ViewController.swift */ = {isa = PBXFileReference; lastKnownFileType = sourcecode.swift; path = ViewController.swift; sourceTree = "<group>"; };
		A24E9CD52B4AA6DD007EC542 /* Assets.xcassets */ = {isa = PBXFileReference; lastKnownFileType = folder.assetcatalog; path = Assets.xcassets; sourceTree = "<group>"; };
		A24E9CD82B4AA6DD007EC542 /* Base */ = {isa = PBXFileReference; lastKnownFileType = file.storyboard; name = Base; path = Base.lproj/LaunchScreen.storyboard; sourceTree = "<group>"; };
		A24E9CDA2B4AA6DD007EC542 /* Info.plist */ = {isa = PBXFileReference; lastKnownFileType = text.plist.xml; path = Info.plist; sourceTree = "<group>"; };
		A24E9CE02B4B20EC007EC542 /* FeedViewController.swift */ = {isa = PBXFileReference; lastKnownFileType = sourcecode.swift; path = FeedViewController.swift; sourceTree = "<group>"; };
		A24E9CE22B4B2101007EC542 /* ProfileViewController.swift */ = {isa = PBXFileReference; lastKnownFileType = sourcecode.swift; path = ProfileViewController.swift; sourceTree = "<group>"; };
		A24E9CE42B4E0750007EC542 /* PostViewController.swift */ = {isa = PBXFileReference; lastKnownFileType = sourcecode.swift; path = PostViewController.swift; sourceTree = "<group>"; };
		A24E9CE82B548851007EC542 /* InfoViewController.swift */ = {isa = PBXFileReference; lastKnownFileType = sourcecode.swift; path = InfoViewController.swift; sourceTree = "<group>"; };
		A263DA6C2B67E88C00345065 /* ProfileHeaderView.swift */ = {isa = PBXFileReference; lastKnownFileType = sourcecode.swift; path = ProfileHeaderView.swift; sourceTree = "<group>"; };
		A263DA722B67E9CE00345065 /* ProfileeViewController.swift */ = {isa = PBXFileReference; lastKnownFileType = sourcecode.swift; path = ProfileeViewController.swift; sourceTree = "<group>"; };
		A296F77B2BA7105600E3808C /* LogInViewController.swift */ = {isa = PBXFileReference; lastKnownFileType = sourcecode.swift; path = LogInViewController.swift; sourceTree = "<group>"; };
		A296F77F2BB4D8EB00E3808C /* PostTableViewCell.swift */ = {isa = PBXFileReference; lastKnownFileType = sourcecode.swift; path = PostTableViewCell.swift; sourceTree = "<group>"; };
		A296F7882BC6997900E3808C /* StorageService.h */ = {isa = PBXFileReference; lastKnownFileType = sourcecode.c.h; path = StorageService.h; sourceTree = "<group>"; };
		A296F7892BC6997900E3808C /* StorageService.docc */ = {isa = PBXFileReference; lastKnownFileType = folder.documentationcatalog; path = StorageService.docc; sourceTree = "<group>"; };
		A296F7962BC6997900E3808C /* StorageServiceTests.swift */ = {isa = PBXFileReference; lastKnownFileType = sourcecode.swift; path = StorageServiceTests.swift; sourceTree = "<group>"; };
		A2C31A532BDEEACF00B946C2 /* StorageService.framework */ = {isa = PBXFileReference; explicitFileType = wrapper.framework; includeInIndex = 0; path = StorageService.framework; sourceTree = BUILT_PRODUCTS_DIR; };
		A2C31A602BEEB15400B946C2 /* PhotosTableViewCell.swift */ = {isa = PBXFileReference; lastKnownFileType = sourcecode.swift; path = PhotosTableViewCell.swift; sourceTree = "<group>"; };
		A2C31A622BF370B300B946C2 /* Post.swift */ = {isa = PBXFileReference; lastKnownFileType = sourcecode.swift; path = Post.swift; sourceTree = "<group>"; };
		A2C31A642BF370B300B946C2 /* Navigation.app */ = {isa = PBXFileReference; explicitFileType = wrapper.application; includeInIndex = 0; path = Navigation.app; sourceTree = BUILT_PRODUCTS_DIR; };
		A2C31A652BF370B300B946C2 /* StorageServiceTests.xctest */ = {isa = PBXFileReference; explicitFileType = wrapper.cfbundle; includeInIndex = 0; path = StorageServiceTests.xctest; sourceTree = BUILT_PRODUCTS_DIR; };
/* End PBXFileReference section */

/* Begin PBXFrameworksBuildPhase section */
		A24E9CC62B4AA6DC007EC542 /* Frameworks */ = {
			isa = PBXFrameworksBuildPhase;
			buildActionMask = 2147483647;
			files = (
				A2C31A582BE4082D00B946C2 /* StorageService.framework in Frameworks */,
			);
			runOnlyForDeploymentPostprocessing = 0;
		};
		A296F7832BC6997900E3808C /* Frameworks */ = {
			isa = PBXFrameworksBuildPhase;
			buildActionMask = 2147483647;
			files = (
				A2C31A682BF3769B00B946C2 /* StorageService.framework in Frameworks */,
			);
			runOnlyForDeploymentPostprocessing = 0;
		};
		A296F78C2BC6997900E3808C /* Frameworks */ = {
			isa = PBXFrameworksBuildPhase;
			buildActionMask = 2147483647;
			files = (
			);
			runOnlyForDeploymentPostprocessing = 0;
		};
/* End PBXFrameworksBuildPhase section */

/* Begin PBXGroup section */
		A24E9CC02B4AA6DC007EC542 = {
			isa = PBXGroup;
			children = (
				A24E9CCB2B4AA6DC007EC542 /* Navigation */,
				A296F7872BC6997900E3808C /* StorageService */,
				A296F7952BC6997900E3808C /* StorageServiceTests */,
				A2C31A532BDEEACF00B946C2 /* StorageService.framework */,
				A2C31A642BF370B300B946C2 /* Navigation.app */,
				A2C31A652BF370B300B946C2 /* StorageServiceTests.xctest */,
			);
			sourceTree = "<group>";
		};
		A24E9CCB2B4AA6DC007EC542 /* Navigation */ = {
			isa = PBXGroup;
			children = (
				A2C31A5F2BEEB12A00B946C2 /* collectionView */,
				A263DA6B2B67E83F00345065 /* Profile */,
				A24E9CCC2B4AA6DC007EC542 /* AppDelegate.swift */,
				A24E9CCE2B4AA6DC007EC542 /* SceneDelegate.swift */,
				A24E9CD02B4AA6DC007EC542 /* ViewController.swift */,
				A24E9CD52B4AA6DD007EC542 /* Assets.xcassets */,
				A24E9CD72B4AA6DD007EC542 /* LaunchScreen.storyboard */,
				A24E9CDA2B4AA6DD007EC542 /* Info.plist */,
				A24E9CE02B4B20EC007EC542 /* FeedViewController.swift */,
				A24E9CE22B4B2101007EC542 /* ProfileViewController.swift */,
				A24E9CE42B4E0750007EC542 /* PostViewController.swift */,
				A24E9CE82B548851007EC542 /* InfoViewController.swift */,
			);
			path = Navigation;
			sourceTree = "<group>";
		};
		A263DA6B2B67E83F00345065 /* Profile */ = {
			isa = PBXGroup;
			children = (
				A263DA6C2B67E88C00345065 /* ProfileHeaderView.swift */,
				A263DA722B67E9CE00345065 /* ProfileeViewController.swift */,
				A296F77B2BA7105600E3808C /* LogInViewController.swift */,
				A296F77F2BB4D8EB00E3808C /* PostTableViewCell.swift */,
			);
			path = Profile;
			sourceTree = "<group>";
		};
		A296F7872BC6997900E3808C /* StorageService */ = {
			isa = PBXGroup;
			children = (
				A296F7882BC6997900E3808C /* StorageService.h */,
				A296F7892BC6997900E3808C /* StorageService.docc */,
				A2C31A622BF370B300B946C2 /* Post.swift */,
			);
			path = StorageService;
			sourceTree = "<group>";
		};
		A296F7952BC6997900E3808C /* StorageServiceTests */ = {
			isa = PBXGroup;
			children = (
				A296F7962BC6997900E3808C /* StorageServiceTests.swift */,
			);
			path = StorageServiceTests;
			sourceTree = "<group>";
		};
		A2C31A5F2BEEB12A00B946C2 /* collectionView */ = {
			isa = PBXGroup;
			children = (
				A2C31A602BEEB15400B946C2 /* PhotosTableViewCell.swift */,
			);
			path = collectionView;
			sourceTree = "<group>";
		};
/* End PBXGroup section */

/* Begin PBXHeadersBuildPhase section */
		A296F7812BC6997900E3808C /* Headers */ = {
			isa = PBXHeadersBuildPhase;
			buildActionMask = 2147483647;
			files = (
				A296F7982BC6997900E3808C /* StorageService.h in Headers */,
			);
			runOnlyForDeploymentPostprocessing = 0;
		};
/* End PBXHeadersBuildPhase section */

/* Begin PBXNativeTarget section */
		A24E9CC82B4AA6DC007EC542 /* Navigation */ = {
			isa = PBXNativeTarget;
			buildConfigurationList = A24E9CDD2B4AA6DD007EC542 /* Build configuration list for PBXNativeTarget "Navigation" */;
			buildPhases = (
				A24E9CC52B4AA6DC007EC542 /* Sources */,
				A24E9CC62B4AA6DC007EC542 /* Frameworks */,
				A24E9CC72B4AA6DC007EC542 /* Resources */,
				A296F7A02BC6997A00E3808C /* Embed Frameworks */,
			);
			buildRules = (
			);
			dependencies = (
				A296F79A2BC6997A00E3808C /* PBXTargetDependency */,
				A2C31A5C2BE4082D00B946C2 /* PBXTargetDependency */,
			);
			name = Navigation;
			productName = Navigation;
			productReference = A2C31A642BF370B300B946C2 /* Navigation.app */;
			productType = "com.apple.product-type.application";
		};
		A296F7852BC6997900E3808C /* StorageService */ = {
			isa = PBXNativeTarget;
			buildConfigurationList = A296F79D2BC6997A00E3808C /* Build configuration list for PBXNativeTarget "StorageService" */;
			buildPhases = (
				A296F7812BC6997900E3808C /* Headers */,
				A296F7822BC6997900E3808C /* Sources */,
				A296F7832BC6997900E3808C /* Frameworks */,
				A296F7842BC6997900E3808C /* Resources */,
			);
			buildRules = (
			);
			dependencies = (
			);
			name = StorageService;
			productName = StorageService;
			productReference = A2C31A532BDEEACF00B946C2 /* StorageService.framework */;
			productType = "com.apple.product-type.framework";
		};
		A296F78E2BC6997900E3808C /* StorageServiceTests */ = {
			isa = PBXNativeTarget;
			buildConfigurationList = A296F7A12BC6997A00E3808C /* Build configuration list for PBXNativeTarget "StorageServiceTests" */;
			buildPhases = (
				A296F78B2BC6997900E3808C /* Sources */,
				A296F78C2BC6997900E3808C /* Frameworks */,
				A296F78D2BC6997900E3808C /* Resources */,
			);
			buildRules = (
			);
			dependencies = (
				A296F7922BC6997900E3808C /* PBXTargetDependency */,
				A296F7942BC6997900E3808C /* PBXTargetDependency */,
			);
			name = StorageServiceTests;
			productName = StorageServiceTests;
			productReference = A2C31A652BF370B300B946C2 /* StorageServiceTests.xctest */;
			productType = "com.apple.product-type.bundle.unit-test";
		};
/* End PBXNativeTarget section */

/* Begin PBXProject section */
		A24E9CC12B4AA6DC007EC542 /* Project object */ = {
			isa = PBXProject;
			attributes = {
				BuildIndependentTargetsInParallel = 1;
				LastSwiftUpdateCheck = 1520;
				LastUpgradeCheck = 1520;
				TargetAttributes = {
					A24E9CC82B4AA6DC007EC542 = {
						CreatedOnToolsVersion = 14.3.1;
					};
					A296F7852BC6997900E3808C = {
						CreatedOnToolsVersion = 15.2;
					};
					A296F78E2BC6997900E3808C = {
						CreatedOnToolsVersion = 15.2;
						TestTargetID = A24E9CC82B4AA6DC007EC542;
					};
				};
			};
			buildConfigurationList = A24E9CC42B4AA6DC007EC542 /* Build configuration list for PBXProject "Navigation" */;
			compatibilityVersion = "Xcode 14.0";
			developmentRegion = en;
			hasScannedForEncodings = 0;
			knownRegions = (
				en,
				Base,
			);
			mainGroup = A24E9CC02B4AA6DC007EC542;
			productRefGroup = A24E9CC02B4AA6DC007EC542;
			projectDirPath = "";
			projectRoot = "";
			targets = (
				A24E9CC82B4AA6DC007EC542 /* Navigation */,
				A296F7852BC6997900E3808C /* StorageService */,
				A296F78E2BC6997900E3808C /* StorageServiceTests */,
			);
		};
/* End PBXProject section */

/* Begin PBXResourcesBuildPhase section */
		A24E9CC72B4AA6DC007EC542 /* Resources */ = {
			isa = PBXResourcesBuildPhase;
			buildActionMask = 2147483647;
			files = (
				A24E9CD92B4AA6DD007EC542 /* LaunchScreen.storyboard in Resources */,
				A24E9CD62B4AA6DD007EC542 /* Assets.xcassets in Resources */,
			);
			runOnlyForDeploymentPostprocessing = 0;
		};
		A296F7842BC6997900E3808C /* Resources */ = {
			isa = PBXResourcesBuildPhase;
			buildActionMask = 2147483647;
			files = (
			);
			runOnlyForDeploymentPostprocessing = 0;
		};
		A296F78D2BC6997900E3808C /* Resources */ = {
			isa = PBXResourcesBuildPhase;
			buildActionMask = 2147483647;
			files = (
			);
			runOnlyForDeploymentPostprocessing = 0;
		};
/* End PBXResourcesBuildPhase section */

/* Begin PBXSourcesBuildPhase section */
		A24E9CC52B4AA6DC007EC542 /* Sources */ = {
			isa = PBXSourcesBuildPhase;
			buildActionMask = 2147483647;
			files = (
				A2C31A612BEEB15400B946C2 /* PhotosTableViewCell.swift in Sources */,
				A296F7802BB4D8EB00E3808C /* PostTableViewCell.swift in Sources */,
				A24E9CE52B4E0750007EC542 /* PostViewController.swift in Sources */,
				A24E9CD12B4AA6DC007EC542 /* ViewController.swift in Sources */,
				A24E9CCD2B4AA6DC007EC542 /* AppDelegate.swift in Sources */,
				A24E9CE92B548851007EC542 /* InfoViewController.swift in Sources */,
				A24E9CE32B4B2101007EC542 /* ProfileViewController.swift in Sources */,
				A24E9CE12B4B20EC007EC542 /* FeedViewController.swift in Sources */,
				A24E9CCF2B4AA6DC007EC542 /* SceneDelegate.swift in Sources */,
				A263DA732B67E9CE00345065 /* ProfileeViewController.swift in Sources */,
				A296F77C2BA7105600E3808C /* LogInViewController.swift in Sources */,
				A263DA6D2B67E88C00345065 /* ProfileHeaderView.swift in Sources */,
			);
			runOnlyForDeploymentPostprocessing = 0;
		};
		A296F7822BC6997900E3808C /* Sources */ = {
			isa = PBXSourcesBuildPhase;
			buildActionMask = 2147483647;
			files = (
				A296F78A2BC6997900E3808C /* StorageService.docc in Sources */,
				A2C31A632BF370B300B946C2 /* Post.swift in Sources */,
			);
			runOnlyForDeploymentPostprocessing = 0;
		};
		A296F78B2BC6997900E3808C /* Sources */ = {
			isa = PBXSourcesBuildPhase;
			buildActionMask = 2147483647;
			files = (
				A296F7972BC6997900E3808C /* StorageServiceTests.swift in Sources */,
			);
			runOnlyForDeploymentPostprocessing = 0;
		};
/* End PBXSourcesBuildPhase section */

/* Begin PBXTargetDependency section */
		A296F7922BC6997900E3808C /* PBXTargetDependency */ = {
			isa = PBXTargetDependency;
			target = A296F7852BC6997900E3808C /* StorageService */;
			targetProxy = A296F7912BC6997900E3808C /* PBXContainerItemProxy */;
		};
		A296F7942BC6997900E3808C /* PBXTargetDependency */ = {
			isa = PBXTargetDependency;
			target = A24E9CC82B4AA6DC007EC542 /* Navigation */;
			targetProxy = A296F7932BC6997900E3808C /* PBXContainerItemProxy */;
		};
		A296F79A2BC6997A00E3808C /* PBXTargetDependency */ = {
			isa = PBXTargetDependency;
			target = A296F7852BC6997900E3808C /* StorageService */;
			targetProxy = A296F7992BC6997A00E3808C /* PBXContainerItemProxy */;
		};
		A2C31A5C2BE4082D00B946C2 /* PBXTargetDependency */ = {
			isa = PBXTargetDependency;
			target = A296F7852BC6997900E3808C /* StorageService */;
			targetProxy = A2C31A5B2BE4082D00B946C2 /* PBXContainerItemProxy */;
		};
/* End PBXTargetDependency section */

/* Begin PBXVariantGroup section */
		A24E9CD72B4AA6DD007EC542 /* LaunchScreen.storyboard */ = {
			isa = PBXVariantGroup;
			children = (
				A24E9CD82B4AA6DD007EC542 /* Base */,
			);
			name = LaunchScreen.storyboard;
			sourceTree = "<group>";
		};
/* End PBXVariantGroup section */

/* Begin XCBuildConfiguration section */
		A24E9CDB2B4AA6DD007EC542 /* Debug */ = {
			isa = XCBuildConfiguration;
			buildSettings = {
				ALWAYS_SEARCH_USER_PATHS = NO;
				CLANG_ANALYZER_NONNULL = YES;
				CLANG_ANALYZER_NUMBER_OBJECT_CONVERSION = YES_AGGRESSIVE;
				CLANG_CXX_LANGUAGE_STANDARD = "gnu++20";
				CLANG_ENABLE_MODULES = YES;
				CLANG_ENABLE_OBJC_ARC = YES;
				CLANG_ENABLE_OBJC_WEAK = YES;
				CLANG_WARN_BLOCK_CAPTURE_AUTORELEASING = YES;
				CLANG_WARN_BOOL_CONVERSION = YES;
				CLANG_WARN_COMMA = YES;
				CLANG_WARN_CONSTANT_CONVERSION = YES;
				CLANG_WARN_DEPRECATED_OBJC_IMPLEMENTATIONS = YES;
				CLANG_WARN_DIRECT_OBJC_ISA_USAGE = YES_ERROR;
				CLANG_WARN_DOCUMENTATION_COMMENTS = YES;
				CLANG_WARN_EMPTY_BODY = YES;
				CLANG_WARN_ENUM_CONVERSION = YES;
				CLANG_WARN_INFINITE_RECURSION = YES;
				CLANG_WARN_INT_CONVERSION = YES;
				CLANG_WARN_NON_LITERAL_NULL_CONVERSION = YES;
				CLANG_WARN_OBJC_IMPLICIT_RETAIN_SELF = YES;
				CLANG_WARN_OBJC_LITERAL_CONVERSION = YES;
				CLANG_WARN_OBJC_ROOT_CLASS = YES_ERROR;
				CLANG_WARN_QUOTED_INCLUDE_IN_FRAMEWORK_HEADER = YES;
				CLANG_WARN_RANGE_LOOP_ANALYSIS = YES;
				CLANG_WARN_STRICT_PROTOTYPES = YES;
				CLANG_WARN_SUSPICIOUS_MOVE = YES;
				CLANG_WARN_UNGUARDED_AVAILABILITY = YES_AGGRESSIVE;
				CLANG_WARN_UNREACHABLE_CODE = YES;
				CLANG_WARN__DUPLICATE_METHOD_MATCH = YES;
				COPY_PHASE_STRIP = NO;
				DEBUG_INFORMATION_FORMAT = dwarf;
				ENABLE_STRICT_OBJC_MSGSEND = YES;
				ENABLE_TESTABILITY = YES;
				GCC_C_LANGUAGE_STANDARD = gnu11;
				GCC_DYNAMIC_NO_PIC = NO;
				GCC_NO_COMMON_BLOCKS = YES;
				GCC_OPTIMIZATION_LEVEL = 0;
				GCC_PREPROCESSOR_DEFINITIONS = (
					"DEBUG=1",
					"$(inherited)",
				);
				GCC_WARN_64_TO_32_BIT_CONVERSION = YES;
				GCC_WARN_ABOUT_RETURN_TYPE = YES_ERROR;
				GCC_WARN_UNDECLARED_SELECTOR = YES;
				GCC_WARN_UNINITIALIZED_AUTOS = YES_AGGRESSIVE;
				GCC_WARN_UNUSED_FUNCTION = YES;
				GCC_WARN_UNUSED_VARIABLE = YES;
				IPHONEOS_DEPLOYMENT_TARGET = 16.4;
				MTL_ENABLE_DEBUG_INFO = INCLUDE_SOURCE;
				MTL_FAST_MATH = YES;
				ONLY_ACTIVE_ARCH = YES;
				SDKROOT = iphoneos;
				SWIFT_ACTIVE_COMPILATION_CONDITIONS = DEBUG;
				SWIFT_OPTIMIZATION_LEVEL = "-Onone";
			};
			name = Debug;
		};
		A24E9CDC2B4AA6DD007EC542 /* Release */ = {
			isa = XCBuildConfiguration;
			buildSettings = {
				ALWAYS_SEARCH_USER_PATHS = NO;
				CLANG_ANALYZER_NONNULL = YES;
				CLANG_ANALYZER_NUMBER_OBJECT_CONVERSION = YES_AGGRESSIVE;
				CLANG_CXX_LANGUAGE_STANDARD = "gnu++20";
				CLANG_ENABLE_MODULES = YES;
				CLANG_ENABLE_OBJC_ARC = YES;
				CLANG_ENABLE_OBJC_WEAK = YES;
				CLANG_WARN_BLOCK_CAPTURE_AUTORELEASING = YES;
				CLANG_WARN_BOOL_CONVERSION = YES;
				CLANG_WARN_COMMA = YES;
				CLANG_WARN_CONSTANT_CONVERSION = YES;
				CLANG_WARN_DEPRECATED_OBJC_IMPLEMENTATIONS = YES;
				CLANG_WARN_DIRECT_OBJC_ISA_USAGE = YES_ERROR;
				CLANG_WARN_DOCUMENTATION_COMMENTS = YES;
				CLANG_WARN_EMPTY_BODY = YES;
				CLANG_WARN_ENUM_CONVERSION = YES;
				CLANG_WARN_INFINITE_RECURSION = YES;
				CLANG_WARN_INT_CONVERSION = YES;
				CLANG_WARN_NON_LITERAL_NULL_CONVERSION = YES;
				CLANG_WARN_OBJC_IMPLICIT_RETAIN_SELF = YES;
				CLANG_WARN_OBJC_LITERAL_CONVERSION = YES;
				CLANG_WARN_OBJC_ROOT_CLASS = YES_ERROR;
				CLANG_WARN_QUOTED_INCLUDE_IN_FRAMEWORK_HEADER = YES;
				CLANG_WARN_RANGE_LOOP_ANALYSIS = YES;
				CLANG_WARN_STRICT_PROTOTYPES = YES;
				CLANG_WARN_SUSPICIOUS_MOVE = YES;
				CLANG_WARN_UNGUARDED_AVAILABILITY = YES_AGGRESSIVE;
				CLANG_WARN_UNREACHABLE_CODE = YES;
				CLANG_WARN__DUPLICATE_METHOD_MATCH = YES;
				COPY_PHASE_STRIP = NO;
				DEBUG_INFORMATION_FORMAT = "dwarf-with-dsym";
				ENABLE_NS_ASSERTIONS = NO;
				ENABLE_STRICT_OBJC_MSGSEND = YES;
				GCC_C_LANGUAGE_STANDARD = gnu11;
				GCC_NO_COMMON_BLOCKS = YES;
				GCC_WARN_64_TO_32_BIT_CONVERSION = YES;
				GCC_WARN_ABOUT_RETURN_TYPE = YES_ERROR;
				GCC_WARN_UNDECLARED_SELECTOR = YES;
				GCC_WARN_UNINITIALIZED_AUTOS = YES_AGGRESSIVE;
				GCC_WARN_UNUSED_FUNCTION = YES;
				GCC_WARN_UNUSED_VARIABLE = YES;
				IPHONEOS_DEPLOYMENT_TARGET = 16.4;
				MTL_ENABLE_DEBUG_INFO = NO;
				MTL_FAST_MATH = YES;
				SDKROOT = iphoneos;
				SWIFT_COMPILATION_MODE = wholemodule;
				SWIFT_OPTIMIZATION_LEVEL = "-O";
				VALIDATE_PRODUCT = YES;
			};
			name = Release;
		};
		A24E9CDE2B4AA6DD007EC542 /* Debug */ = {
			isa = XCBuildConfiguration;
			buildSettings = {
				ALWAYS_EMBED_SWIFT_STANDARD_LIBRARIES = YES;
				ASSETCATALOG_COMPILER_APPICON_NAME = AppIcon;
				ASSETCATALOG_COMPILER_GLOBAL_ACCENT_COLOR_NAME = AccentColor;
				CODE_SIGN_STYLE = Automatic;
				CURRENT_PROJECT_VERSION = 1;
				GENERATE_INFOPLIST_FILE = YES;
				INFOPLIST_FILE = Navigation/Info.plist;
				INFOPLIST_KEY_UIApplicationSupportsIndirectInputEvents = YES;
				INFOPLIST_KEY_UILaunchStoryboardName = LaunchScreen;
				INFOPLIST_KEY_UIMainStoryboardFile = "";
				INFOPLIST_KEY_UISupportedInterfaceOrientations_iPad = "UIInterfaceOrientationPortrait UIInterfaceOrientationPortraitUpsideDown UIInterfaceOrientationLandscapeLeft UIInterfaceOrientationLandscapeRight";
				INFOPLIST_KEY_UISupportedInterfaceOrientations_iPhone = "UIInterfaceOrientationPortrait UIInterfaceOrientationLandscapeLeft UIInterfaceOrientationLandscapeRight";
				IPHONEOS_DEPLOYMENT_TARGET = 15.5;
				LD_RUNPATH_SEARCH_PATHS = (
					"$(inherited)",
					"@executable_path/Frameworks",
				);
				MARKETING_VERSION = 1.0;
				PRODUCT_BUNDLE_IDENTIFIER = com.exercise.first.Navigation;
				PRODUCT_NAME = "$(TARGET_NAME)";
				SUPPORTED_PLATFORMS = "iphoneos iphonesimulator";
				SUPPORTS_MACCATALYST = NO;
				SUPPORTS_MAC_DESIGNED_FOR_IPHONE_IPAD = NO;
				SWIFT_EMIT_LOC_STRINGS = YES;
				SWIFT_VERSION = 5.0;
				TARGETED_DEVICE_FAMILY = 1;
			};
			name = Debug;
		};
		A24E9CDF2B4AA6DD007EC542 /* Release */ = {
			isa = XCBuildConfiguration;
			buildSettings = {
				ALWAYS_EMBED_SWIFT_STANDARD_LIBRARIES = YES;
				ASSETCATALOG_COMPILER_APPICON_NAME = AppIcon;
				ASSETCATALOG_COMPILER_GLOBAL_ACCENT_COLOR_NAME = AccentColor;
				CODE_SIGN_STYLE = Automatic;
				CURRENT_PROJECT_VERSION = 1;
				GENERATE_INFOPLIST_FILE = YES;
				INFOPLIST_FILE = Navigation/Info.plist;
				INFOPLIST_KEY_UIApplicationSupportsIndirectInputEvents = YES;
				INFOPLIST_KEY_UILaunchStoryboardName = LaunchScreen;
				INFOPLIST_KEY_UIMainStoryboardFile = "";
				INFOPLIST_KEY_UISupportedInterfaceOrientations_iPad = "UIInterfaceOrientationPortrait UIInterfaceOrientationPortraitUpsideDown UIInterfaceOrientationLandscapeLeft UIInterfaceOrientationLandscapeRight";
				INFOPLIST_KEY_UISupportedInterfaceOrientations_iPhone = "UIInterfaceOrientationPortrait UIInterfaceOrientationLandscapeLeft UIInterfaceOrientationLandscapeRight";
				IPHONEOS_DEPLOYMENT_TARGET = 15.5;
				LD_RUNPATH_SEARCH_PATHS = (
					"$(inherited)",
					"@executable_path/Frameworks",
				);
				MARKETING_VERSION = 1.0;
				PRODUCT_BUNDLE_IDENTIFIER = com.exercise.first.Navigation;
				PRODUCT_NAME = "$(TARGET_NAME)";
				SUPPORTED_PLATFORMS = "iphoneos iphonesimulator";
				SUPPORTS_MACCATALYST = NO;
				SUPPORTS_MAC_DESIGNED_FOR_IPHONE_IPAD = NO;
				SWIFT_EMIT_LOC_STRINGS = YES;
				SWIFT_VERSION = 5.0;
				TARGETED_DEVICE_FAMILY = 1;
			};
			name = Release;
		};
		A296F79E2BC6997A00E3808C /* Debug */ = {
			isa = XCBuildConfiguration;
			buildSettings = {
				ASSETCATALOG_COMPILER_GENERATE_SWIFT_ASSET_SYMBOL_EXTENSIONS = YES;
				CODE_SIGN_IDENTITY = "";
				CODE_SIGN_STYLE = Automatic;
				CURRENT_PROJECT_VERSION = 1;
				DEFINES_MODULE = YES;
				DYLIB_COMPATIBILITY_VERSION = 1;
				DYLIB_CURRENT_VERSION = 1;
				DYLIB_INSTALL_NAME_BASE = "@rpath";
				ENABLE_MODULE_VERIFIER = YES;
				ENABLE_USER_SCRIPT_SANDBOXING = YES;
				GCC_C_LANGUAGE_STANDARD = gnu17;
				GENERATE_INFOPLIST_FILE = YES;
				INFOPLIST_KEY_NSHumanReadableCopyright = "";
				INSTALL_PATH = "$(LOCAL_LIBRARY_DIR)/Frameworks";
				IPHONEOS_DEPLOYMENT_TARGET = 15.5;
				LD_RUNPATH_SEARCH_PATHS = (
					"$(inherited)",
					"@executable_path/Frameworks",
					"@loader_path/Frameworks",
				);
				LOCALIZATION_PREFERS_STRING_CATALOGS = YES;
				MARKETING_VERSION = 1.0;
				MODULE_VERIFIER_SUPPORTED_LANGUAGES = "objective-c objective-c++";
				MODULE_VERIFIER_SUPPORTED_LANGUAGE_STANDARDS = "gnu17 gnu++20";
				PRODUCT_BUNDLE_IDENTIFIER = com.exercise.first.StorageService;
				PRODUCT_NAME = "$(TARGET_NAME:c99extidentifier)";
				SKIP_INSTALL = YES;
				SWIFT_ACTIVE_COMPILATION_CONDITIONS = "DEBUG $(inherited)";
				SWIFT_EMIT_LOC_STRINGS = YES;
				SWIFT_VERSION = 5.0;
				TARGETED_DEVICE_FAMILY = "1,2";
				VERSIONING_SYSTEM = "apple-generic";
				VERSION_INFO_PREFIX = "";
			};
			name = Debug;
		};
		A296F79F2BC6997A00E3808C /* Release */ = {
			isa = XCBuildConfiguration;
			buildSettings = {
				ASSETCATALOG_COMPILER_GENERATE_SWIFT_ASSET_SYMBOL_EXTENSIONS = YES;
				CODE_SIGN_IDENTITY = "";
				CODE_SIGN_STYLE = Automatic;
				CURRENT_PROJECT_VERSION = 1;
				DEFINES_MODULE = YES;
				DYLIB_COMPATIBILITY_VERSION = 1;
				DYLIB_CURRENT_VERSION = 1;
				DYLIB_INSTALL_NAME_BASE = "@rpath";
				ENABLE_MODULE_VERIFIER = YES;
				ENABLE_USER_SCRIPT_SANDBOXING = YES;
				GCC_C_LANGUAGE_STANDARD = gnu17;
				GENERATE_INFOPLIST_FILE = YES;
				INFOPLIST_KEY_NSHumanReadableCopyright = "";
				INSTALL_PATH = "$(LOCAL_LIBRARY_DIR)/Frameworks";
				IPHONEOS_DEPLOYMENT_TARGET = 15.5;
				LD_RUNPATH_SEARCH_PATHS = (
					"$(inherited)",
					"@executable_path/Frameworks",
					"@loader_path/Frameworks",
				);
				LOCALIZATION_PREFERS_STRING_CATALOGS = YES;
				MARKETING_VERSION = 1.0;
				MODULE_VERIFIER_SUPPORTED_LANGUAGES = "objective-c objective-c++";
				MODULE_VERIFIER_SUPPORTED_LANGUAGE_STANDARDS = "gnu17 gnu++20";
				PRODUCT_BUNDLE_IDENTIFIER = com.exercise.first.StorageService;
				PRODUCT_NAME = "$(TARGET_NAME:c99extidentifier)";
				SKIP_INSTALL = YES;
				SWIFT_EMIT_LOC_STRINGS = YES;
				SWIFT_VERSION = 5.0;
				TARGETED_DEVICE_FAMILY = "1,2";
				VERSIONING_SYSTEM = "apple-generic";
				VERSION_INFO_PREFIX = "";
			};
			name = Release;
		};
		A296F7A22BC6997A00E3808C /* Debug */ = {
			isa = XCBuildConfiguration;
			buildSettings = {
				ALWAYS_EMBED_SWIFT_STANDARD_LIBRARIES = YES;
				ASSETCATALOG_COMPILER_GENERATE_SWIFT_ASSET_SYMBOL_EXTENSIONS = YES;
				CODE_SIGN_STYLE = Automatic;
				CURRENT_PROJECT_VERSION = 1;
				ENABLE_USER_SCRIPT_SANDBOXING = YES;
				GCC_C_LANGUAGE_STANDARD = gnu17;
				GENERATE_INFOPLIST_FILE = YES;
				IPHONEOS_DEPLOYMENT_TARGET = 17.2;
				LOCALIZATION_PREFERS_STRING_CATALOGS = YES;
				MARKETING_VERSION = 1.0;
				PRODUCT_BUNDLE_IDENTIFIER = com.exercise.first.StorageServiceTests;
				PRODUCT_NAME = "$(TARGET_NAME)";
				SUPPORTED_PLATFORMS = "iphoneos iphonesimulator";
				SUPPORTS_MACCATALYST = NO;
				SUPPORTS_MAC_DESIGNED_FOR_IPHONE_IPAD = NO;
				SUPPORTS_XR_DESIGNED_FOR_IPHONE_IPAD = NO;
				SWIFT_ACTIVE_COMPILATION_CONDITIONS = "DEBUG $(inherited)";
				SWIFT_EMIT_LOC_STRINGS = NO;
				SWIFT_VERSION = 5.0;
				TARGETED_DEVICE_FAMILY = 1;
				TEST_HOST = "$(BUILT_PRODUCTS_DIR)/Navigation.app/$(BUNDLE_EXECUTABLE_FOLDER_PATH)/Navigation";
			};
			name = Debug;
		};
		A296F7A32BC6997A00E3808C /* Release */ = {
			isa = XCBuildConfiguration;
			buildSettings = {
				ALWAYS_EMBED_SWIFT_STANDARD_LIBRARIES = YES;
				ASSETCATALOG_COMPILER_GENERATE_SWIFT_ASSET_SYMBOL_EXTENSIONS = YES;
				CODE_SIGN_STYLE = Automatic;
				CURRENT_PROJECT_VERSION = 1;
				ENABLE_USER_SCRIPT_SANDBOXING = YES;
				GCC_C_LANGUAGE_STANDARD = gnu17;
				GENERATE_INFOPLIST_FILE = YES;
				IPHONEOS_DEPLOYMENT_TARGET = 17.2;
				LOCALIZATION_PREFERS_STRING_CATALOGS = YES;
				MARKETING_VERSION = 1.0;
				PRODUCT_BUNDLE_IDENTIFIER = com.exercise.first.StorageServiceTests;
				PRODUCT_NAME = "$(TARGET_NAME)";
				SUPPORTED_PLATFORMS = "iphoneos iphonesimulator";
				SUPPORTS_MACCATALYST = NO;
				SUPPORTS_MAC_DESIGNED_FOR_IPHONE_IPAD = NO;
				SUPPORTS_XR_DESIGNED_FOR_IPHONE_IPAD = NO;
				SWIFT_EMIT_LOC_STRINGS = NO;
				SWIFT_VERSION = 5.0;
				TARGETED_DEVICE_FAMILY = 1;
				TEST_HOST = "$(BUILT_PRODUCTS_DIR)/Navigation.app/$(BUNDLE_EXECUTABLE_FOLDER_PATH)/Navigation";
			};
			name = Release;
		};
/* End XCBuildConfiguration section */

/* Begin XCConfigurationList section */
		A24E9CC42B4AA6DC007EC542 /* Build configuration list for PBXProject "Navigation" */ = {
			isa = XCConfigurationList;
			buildConfigurations = (
				A24E9CDB2B4AA6DD007EC542 /* Debug */,
				A24E9CDC2B4AA6DD007EC542 /* Release */,
			);
			defaultConfigurationIsVisible = 0;
			defaultConfigurationName = Release;
		};
		A24E9CDD2B4AA6DD007EC542 /* Build configuration list for PBXNativeTarget "Navigation" */ = {
			isa = XCConfigurationList;
			buildConfigurations = (
				A24E9CDE2B4AA6DD007EC542 /* Debug */,
				A24E9CDF2B4AA6DD007EC542 /* Release */,
			);
			defaultConfigurationIsVisible = 0;
			defaultConfigurationName = Release;
		};
		A296F79D2BC6997A00E3808C /* Build configuration list for PBXNativeTarget "StorageService" */ = {
			isa = XCConfigurationList;
			buildConfigurations = (
				A296F79E2BC6997A00E3808C /* Debug */,
				A296F79F2BC6997A00E3808C /* Release */,
			);
			defaultConfigurationIsVisible = 0;
			defaultConfigurationName = Release;
		};
		A296F7A12BC6997A00E3808C /* Build configuration list for PBXNativeTarget "StorageServiceTests" */ = {
			isa = XCConfigurationList;
			buildConfigurations = (
				A296F7A22BC6997A00E3808C /* Debug */,
				A296F7A32BC6997A00E3808C /* Release */,
			);
			defaultConfigurationIsVisible = 0;
			defaultConfigurationName = Release;
		};
/* End XCConfigurationList section */
	};
	rootObject = A24E9CC12B4AA6DC007EC542 /* Project object */;
}
